
Microsoft Visual Studio Solution File, Format Version 12.00
# Visual Studio Version 16
VisualStudioVersion = 16.0.30503.244
MinimumVisualStudioVersion = 10.0.40219.1
Project("{FAE04EC0-301F-11D3-BF4B-00C04F79EFBC}") = "TCP_Server_Asynchronous", "TCP_Server_Asynchronous.csproj", "{E889E0ED-143E-4D15-BC2D-0E7B4A591547}"
EndProject
Global
	GlobalSection(SolutionConfigurationPlatforms) = preSolution
		Debug|Any CPU = Debug|Any CPU
		Release|Any CPU = Release|Any CPU
	EndGlobalSection
	GlobalSection(ProjectConfigurationPlatforms) = postSolution
		{E889E0ED-143E-4D15-BC2D-0E7B4A591547}.Debug|Any CPU.ActiveCfg = Debug|Any CPU
		{E889E0ED-143E-4D15-BC2D-0E7B4A591547}.Debug|Any CPU.Build.0 = Debug|Any CPU
		{E889E0ED-143E-4D15-BC2D-0E7B4A591547}.Release|Any CPU.ActiveCfg = Release|Any CPU
		{E889E0ED-143E-4D15-BC2D-0E7B4A591547}.Release|Any CPU.Build.0 = Release|Any CPU
	EndGlobalSection
	GlobalSection(SolutionProperties) = preSolution
		HideSolutionNode = FALSE
	EndGlobalSection
	GlobalSection(ExtensibilityGlobals) = postSolution
		SolutionGuid = {673EBC6E-6264-4D2E-A580-9A13509DE2ED}
	EndGlobalSection
EndGlobal
